
Microsoft Visual Studio Solution File, Format Version 12.00
# Visual Studio Version 17
VisualStudioVersion = 17.6.33801.468
MinimumVisualStudioVersion = 10.0.40219.1
Project("{888888A0-9F3D-457C-B088-3A5042F75D52}") = "Portfolio Game", "Portfolio Game.pyproj", "{A705FE9B-C560-44A9-B473-9A719B27DF34}"
EndProject
Global
	GlobalSection(SolutionConfigurationPlatforms) = preSolution
		Debug|Any CPU = Debug|Any CPU
		Release|Any CPU = Release|Any CPU
	EndGlobalSection
	GlobalSection(ProjectConfigurationPlatforms) = postSolution
		{A705FE9B-C560-44A9-B473-9A719B27DF34}.Debug|Any CPU.ActiveCfg = Debug|Any CPU
		{A705FE9B-C560-44A9-B473-9A719B27DF34}.Release|Any CPU.ActiveCfg = Release|Any CPU
	EndGlobalSection
	GlobalSection(SolutionProperties) = preSolution
		HideSolutionNode = FALSE
	EndGlobalSection
	GlobalSection(ExtensibilityGlobals) = postSolution
		SolutionGuid = {E90A7062-8931-4098-AFAC-03BD402A39CB}
	EndGlobalSection
EndGlobal
